Microsoft Visual Studio Solution File, Format Version 12.00
# Visual Studio Version 17
VisualStudioVersion = 17.5.2.0
MinimumVisualStudioVersion = 10.0.40219.1
Project("{FAE04EC0-301F-11D3-BF4B-00C04F79EFBC}") = "drakek", "drakek.csproj", "{409B5C6A-4724-60CA-D5DF-448DE38AB4F6}"
EndProject
Global
	GlobalSection(SolutionConfigurationPlatforms) = preSolution
		Debug|Any CPU = Debug|Any CPU
		Release|Any CPU = Release|Any CPU
	EndGlobalSection
	GlobalSection(ProjectConfigurationPlatforms) = postSolution
		{409B5C6A-4724-60CA-D5DF-448DE38AB4F6}.Debug|Any CPU.ActiveCfg = Debug|Any CPU
		{409B5C6A-4724-60CA-D5DF-448DE38AB4F6}.Debug|Any CPU.Build.0 = Debug|Any CPU
		{409B5C6A-4724-60CA-D5DF-448DE38AB4F6}.Release|Any CPU.ActiveCfg = Release|Any CPU
		{409B5C6A-4724-60CA-D5DF-448DE38AB4F6}.Release|Any CPU.Build.0 = Release|Any CPU
	EndGlobalSection
	GlobalSection(SolutionProperties) = preSolution
		HideSolutionNode = FALSE
	EndGlobalSection
	GlobalSection(ExtensibilityGlobals) = postSolution
		SolutionGuid = {21B53002-F7A9-46D4-8A6A-0932EF84335F}
	EndGlobalSection
EndGlobal
